
Microsoft Visual Studio Solution File, Format Version 12.00
# Visual Studio Version 18
VisualStudioVersion = 18.1.11312.151 d18.0
MinimumVisualStudioVersion = 10.0.40219.1
Project("{8BC9CEB8-8B4A-11D0-8D11-00A0C91BC942}") = "pandora_desync", "pandora_desync\pandora_desync.vcxproj", "{3C78F4B2-07AD-4580-8908-28FF2BEA1CF0}"
EndProject
Project("{8BC9CEB8-8B4A-11D0-8D11-00A0C91BC942}") = "pandora_legacy", "pandora_legacy\pandora_legacy.vcxproj", "{516604F8-27BE-4EF7-A7C8-031F775B3661}"
EndProject
Global
	GlobalSection(SolutionConfigurationPlatforms) = preSolution
		Debug|x64 = Debug|x64
		Debug|x86 = Debug|x86
		Release|x64 = Release|x64
		Release|x86 = Release|x86
	EndGlobalSection
	GlobalSection(ProjectConfigurationPlatforms) = postSolution
		{3C78F4B2-07AD-4580-8908-28FF2BEA1CF0}.Debug|x64.ActiveCfg = Debug|x64
		{3C78F4B2-07AD-4580-8908-28FF2BEA1CF0}.Debug|x64.Build.0 = Debug|x64
		{3C78F4B2-07AD-4580-8908-28FF2BEA1CF0}.Debug|x86.ActiveCfg = Debug|Win32
		{3C78F4B2-07AD-4580-8908-28FF2BEA1CF0}.Debug|x86.Build.0 = Debug|Win32
		{3C78F4B2-07AD-4580-8908-28FF2BEA1CF0}.Release|x64.ActiveCfg = Release|x64
		{3C78F4B2-07AD-4580-8908-28FF2BEA1CF0}.Release|x64.Build.0 = Release|x64
		{3C78F4B2-07AD-4580-8908-28FF2BEA1CF0}.Release|x86.ActiveCfg = Release|Win32
		{3C78F4B2-07AD-4580-8908-28FF2BEA1CF0}.Release|x86.Build.0 = Release|Win32
		{516604F8-27BE-4EF7-A7C8-031F775B3661}.Debug|x64.ActiveCfg = Debug|x64
		{516604F8-27BE-4EF7-A7C8-031F775B3661}.Debug|x64.Build.0 = Debug|x64
		{516604F8-27BE-4EF7-A7C8-031F775B3661}.Debug|x86.ActiveCfg = Debug|Win32
		{516604F8-27BE-4EF7-A7C8-031F775B3661}.Debug|x86.Build.0 = Debug|Win32
		{516604F8-27BE-4EF7-A7C8-031F775B3661}.Release|x64.ActiveCfg = Release|x64
		{516604F8-27BE-4EF7-A7C8-031F775B3661}.Release|x64.Build.0 = Release|x64
		{516604F8-27BE-4EF7-A7C8-031F775B3661}.Release|x86.ActiveCfg = Release|Win32
		{516604F8-27BE-4EF7-A7C8-031F775B3661}.Release|x86.Build.0 = Release|Win32
	EndGlobalSection
	GlobalSection(SolutionProperties) = preSolution
		HideSolutionNode = FALSE
	EndGlobalSection
	GlobalSection(ExtensibilityGlobals) = postSolution
		SolutionGuid = {5F2EBED3-287B-41EB-BCA6-46A754049C68}
	EndGlobalSection
EndGlobal
